
Microsoft Visual Studio Solution File, Format Version 12.00
# Visual Studio Version 17
VisualStudioVersion = 17.4.33213.308
MinimumVisualStudioVersion = 10.0.40219.1
Project("{FAE04EC0-301F-11D3-BF4B-00C04F79EFBC}") = "API_LABTASK_FINAL", "LABTASK_FINAL\API_LABTASK_FINAL.csproj", "{3D3CDE86-9247-410E-94DB-DD2223D5E363}"
EndProject
Project("{FAE04EC0-301F-11D3-BF4B-00C04F79EFBC}") = "BLL", "BILL\BLL.csproj", "{83A1FD15-4476-4BB3-8A63-CB2BF9C5DC45}"
EndProject
Project("{FAE04EC0-301F-11D3-BF4B-00C04F79EFBC}") = "DAL", "DAL\DAL.csproj", "{C4733F2B-A3D8-470B-9F00-BA3027754083}"
EndProject
Global
	GlobalSection(SolutionConfigurationPlatforms) = preSolution
		Debug|Any CPU = Debug|Any CPU
		Release|Any CPU = Release|Any CPU
	EndGlobalSection
	GlobalSection(ProjectConfigurationPlatforms) = postSolution
		{3D3CDE86-9247-410E-94DB-DD2223D5E363}.Debug|Any CPU.ActiveCfg = Debug|Any CPU
		{3D3CDE86-9247-410E-94DB-DD2223D5E363}.Debug|Any CPU.Build.0 = Debug|Any CPU
		{3D3CDE86-9247-410E-94DB-DD2223D5E363}.Release|Any CPU.ActiveCfg = Release|Any CPU
		{3D3CDE86-9247-410E-94DB-DD2223D5E363}.Release|Any CPU.Build.0 = Release|Any CPU
		{83A1FD15-4476-4BB3-8A63-CB2BF9C5DC45}.Debug|Any CPU.ActiveCfg = Debug|Any CPU
		{83A1FD15-4476-4BB3-8A63-CB2BF9C5DC45}.Debug|Any CPU.Build.0 = Debug|Any CPU
		{83A1FD15-4476-4BB3-8A63-CB2BF9C5DC45}.Release|Any CPU.ActiveCfg = Release|Any CPU
		{83A1FD15-4476-4BB3-8A63-CB2BF9C5DC45}.Release|Any CPU.Build.0 = Release|Any CPU
		{C4733F2B-A3D8-470B-9F00-BA3027754083}.Debug|Any CPU.ActiveCfg = Debug|Any CPU
		{C4733F2B-A3D8-470B-9F00-BA3027754083}.Debug|Any CPU.Build.0 = Debug|Any CPU
		{C4733F2B-A3D8-470B-9F00-BA3027754083}.Release|Any CPU.ActiveCfg = Release|Any CPU
		{C4733F2B-A3D8-470B-9F00-BA3027754083}.Release|Any CPU.Build.0 = Release|Any CPU
	EndGlobalSection
	GlobalSection(SolutionProperties) = preSolution
		HideSolutionNode = FALSE
	EndGlobalSection
	GlobalSection(ExtensibilityGlobals) = postSolution
		SolutionGuid = {227A78F2-1F3E-434A-B156-CE4D9D5DF29A}
	EndGlobalSection
EndGlobal
